
Microsoft Visual Studio Solution File, Format Version 12.00
# Visual Studio Version 16
VisualStudioVersion = 16.0.30621.155
MinimumVisualStudioVersion = 10.0.40219.1
Project("{9A19103F-16F7-4668-BE54-9A1E7A4F7556}") = "bim360issues", "bim360issues.csproj", "{2B4620C1-F56F-40FD-8424-20B5B288CCD8}"
EndProject
Global
	GlobalSection(SolutionConfigurationPlatforms) = preSolution
		Debug|Any CPU = Debug|Any CPU
		Release|Any CPU = Release|Any CPU
	EndGlobalSection
	GlobalSection(ProjectConfigurationPlatforms) = postSolution
		{2B4620C1-F56F-40FD-8424-20B5B288CCD8}.Debug|Any CPU.ActiveCfg = Debug|Any CPU
		{2B4620C1-F56F-40FD-8424-20B5B288CCD8}.Debug|Any CPU.Build.0 = Debug|Any CPU
		{2B4620C1-F56F-40FD-8424-20B5B288CCD8}.Release|Any CPU.ActiveCfg = Release|Any CPU
		{2B4620C1-F56F-40FD-8424-20B5B288CCD8}.Release|Any CPU.Build.0 = Release|Any CPU
	EndGlobalSection
	GlobalSection(SolutionProperties) = preSolution
		HideSolutionNode = FALSE
	EndGlobalSection
	GlobalSection(ExtensibilityGlobals) = postSolution
		SolutionGuid = {AA5B28A9-140B-4138-89D8-DC07003107A8}
	EndGlobalSection
EndGlobal
